# This file is generated by running "yarn install" inside your project.
# Manual changes might be lost - proceed with caution!

__metadata:
  version: 8
  cacheKey: 10c0

"@types/node@npm:*, @types/node@npm:^22.7.6":
  version: 22.7.6
  resolution: "@types/node@npm:22.7.6"
  dependencies:
    undici-types: "npm:~6.19.2"
  checksum: 10c0/d4406a63afce981c363fb1d1954aaf1759ad2d487c0833ebf667565ea4e45ff217d6fab4b5343badbdeccdf9d2e4a0841d633e0c929ceabcb33c288663dd0c73
  languageName: node
  linkType: hard

"@types/ws@npm:^8.5.12":
  version: 8.5.12
  resolution: "@types/ws@npm:8.5.12"
  dependencies:
    "@types/node": "npm:*"
  checksum: 10c0/3fd77c9e4e05c24ce42bfc7647f7506b08c40a40fe2aea236ef6d4e96fc7cb4006a81ed1b28ec9c457e177a74a72924f4768b7b4652680b42dfd52bc380e15f9
  languageName: node
  linkType: hard

"solver@workspace:.":
  version: 0.0.0-use.local
  resolution: "solver@workspace:."
  dependencies:
    "@types/node": "npm:^22.7.6"
    "@types/ws": "npm:^8.5.12"
    typescript: "npm:^5.6.3"
    ws: "npm:^8.18.0"
  languageName: unknown
  linkType: soft

"typescript@npm:^5.6.3":
  version: 5.6.3
  resolution: "typescript@npm:5.6.3"
  bin:
    tsc: bin/tsc
    tsserver: bin/tsserver
  checksum: 10c0/44f61d3fb15c35359bc60399cb8127c30bae554cd555b8e2b46d68fa79d680354b83320ad419ff1b81a0bdf324197b29affe6cc28988cd6a74d4ac60c94f9799
  languageName: node
  linkType: hard

"typescript@patch:typescript@npm%3A^5.6.3#optional!builtin<compat/typescript>":
  version: 5.6.3
  resolution: "typescript@patch:typescript@npm%3A5.6.3#optional!builtin<compat/typescript>::version=5.6.3&hash=8c6c40"
  bin:
    tsc: bin/tsc
    tsserver: bin/tsserver
  checksum: 10c0/7c9d2e07c81226d60435939618c91ec2ff0b75fbfa106eec3430f0fcf93a584bc6c73176676f532d78c3594fe28a54b36eb40b3d75593071a7ec91301533ace7
  languageName: node
  linkType: hard

"undici-types@npm:~6.19.2":
  version: 6.19.8
  resolution: "undici-types@npm:6.19.8"
  checksum: 10c0/078afa5990fba110f6824823ace86073b4638f1d5112ee26e790155f481f2a868cc3e0615505b6f4282bdf74a3d8caad715fd809e870c2bb0704e3ea6082f344
  languageName: node
  linkType: hard

"ws@npm:^8.18.0":
  version: 8.18.0
  resolution: "ws@npm:8.18.0"
  peerDependencies:
    bufferutil: ^4.0.1
    utf-8-validate: ">=5.0.2"
  peerDependenciesMeta:
    bufferutil:
      optional: true
    utf-8-validate:
      optional: true
  checksum: 10c0/25eb33aff17edcb90721ed6b0eb250976328533ad3cd1a28a274bd263682e7296a6591ff1436d6cbc50fa67463158b062f9d1122013b361cec99a05f84680e06
  languageName: node
  linkType: hard
